
Microsoft Visual Studio Solution File, Format Version 12.00
# Visual Studio Version 17
VisualStudioVersion = 17.14.36429.23 d17.14
MinimumVisualStudioVersion = 10.0.40219.1
Project("{FAE04EC0-301F-11D3-BF4B-00C04F79EFBC}") = "appTarefas", "appTarefas\appTarefas.csproj", "{31EE6E8C-9883-4294-9046-BFE40D8629D1}"
EndProject
Global
	GlobalSection(SolutionConfigurationPlatforms) = preSolution
		Debug|Any CPU = Debug|Any CPU
		Release|Any CPU = Release|Any CPU
	EndGlobalSection
	GlobalSection(ProjectConfigurationPlatforms) = postSolution
		{31EE6E8C-9883-4294-9046-BFE40D8629D1}.Debug|Any CPU.ActiveCfg = Debug|Any CPU
		{31EE6E8C-9883-4294-9046-BFE40D8629D1}.Debug|Any CPU.Build.0 = Debug|Any CPU
		{31EE6E8C-9883-4294-9046-BFE40D8629D1}.Release|Any CPU.ActiveCfg = Release|Any CPU
		{31EE6E8C-9883-4294-9046-BFE40D8629D1}.Release|Any CPU.Build.0 = Release|Any CPU
	EndGlobalSection
	GlobalSection(SolutionProperties) = preSolution
		HideSolutionNode = FALSE
	EndGlobalSection
	GlobalSection(ExtensibilityGlobals) = postSolution
		SolutionGuid = {4393AD73-A1D7-421A-A7DF-DB1FF7778891}
	EndGlobalSection
EndGlobal
